
Microsoft Visual Studio Solution File, Format Version 12.00
# Visual Studio Version 17
VisualStudioVersion = 17.8.34322.80
MinimumVisualStudioVersion = 10.0.40219.1
Project("{FAE04EC0-301F-11D3-BF4B-00C04F79EFBC}") = "UserProvider", "UserProvider\UserProvider.csproj", "{F12B2220-36BC-4ED9-9A3B-BC22698E12E5}"
EndProject
Project("{FAE04EC0-301F-11D3-BF4B-00C04F79EFBC}") = "Data", "Data\Data.csproj", "{FF77A32E-F524-44E9-9FB0-8BA6592C5C98}"
EndProject
Global
	GlobalSection(SolutionConfigurationPlatforms) = preSolution
		Debug|Any CPU = Debug|Any CPU
		Release|Any CPU = Release|Any CPU
	EndGlobalSection
	GlobalSection(ProjectConfigurationPlatforms) = postSolution
		{F12B2220-36BC-4ED9-9A3B-BC22698E12E5}.Debug|Any CPU.ActiveCfg = Debug|Any CPU
		{F12B2220-36BC-4ED9-9A3B-BC22698E12E5}.Debug|Any CPU.Build.0 = Debug|Any CPU
		{F12B2220-36BC-4ED9-9A3B-BC22698E12E5}.Release|Any CPU.ActiveCfg = Release|Any CPU
		{F12B2220-36BC-4ED9-9A3B-BC22698E12E5}.Release|Any CPU.Build.0 = Release|Any CPU
		{FF77A32E-F524-44E9-9FB0-8BA6592C5C98}.Debug|Any CPU.ActiveCfg = Debug|Any CPU
		{FF77A32E-F524-44E9-9FB0-8BA6592C5C98}.Debug|Any CPU.Build.0 = Debug|Any CPU
		{FF77A32E-F524-44E9-9FB0-8BA6592C5C98}.Release|Any CPU.ActiveCfg = Release|Any CPU
		{FF77A32E-F524-44E9-9FB0-8BA6592C5C98}.Release|Any CPU.Build.0 = Release|Any CPU
	EndGlobalSection
	GlobalSection(SolutionProperties) = preSolution
		HideSolutionNode = FALSE
	EndGlobalSection
	GlobalSection(ExtensibilityGlobals) = postSolution
		SolutionGuid = {069C50B7-D9E5-4184-8987-9CD8ECAA3A63}
	EndGlobalSection
EndGlobal
